
Microsoft Visual Studio Solution File, Format Version 12.00
# Visual Studio Version 17
VisualStudioVersion = 17.1.32328.378
MinimumVisualStudioVersion = 10.0.40219.1
Project("{FAE04EC0-301F-11D3-BF4B-00C04F79EFBC}") = "API", "src\API\API.csproj", "{A89239C9-9732-4FB4-B011-36BB584C340C}"
EndProject
Project("{FAE04EC0-301F-11D3-BF4B-00C04F79EFBC}") = "Application", "src\Application\Application.csproj", "{C864412B-5404-4E60-AFCA-380D433A6FA4}"
EndProject
Project("{FAE04EC0-301F-11D3-BF4B-00C04F79EFBC}") = "DataContracts", "src\DataContracts\DataContracts.csproj", "{CF62FC6F-B1C8-4F2A-8CB8-92D21AF53CFF}"
EndProject
Global
	GlobalSection(SolutionConfigurationPlatforms) = preSolution
		Debug|Any CPU = Debug|Any CPU
		Release|Any CPU = Release|Any CPU
	EndGlobalSection
	GlobalSection(ProjectConfigurationPlatforms) = postSolution
		{A89239C9-9732-4FB4-B011-36BB584C340C}.Debug|Any CPU.ActiveCfg = Debug|Any CPU
		{A89239C9-9732-4FB4-B011-36BB584C340C}.Debug|Any CPU.Build.0 = Debug|Any CPU
		{A89239C9-9732-4FB4-B011-36BB584C340C}.Release|Any CPU.ActiveCfg = Release|Any CPU
		{A89239C9-9732-4FB4-B011-36BB584C340C}.Release|Any CPU.Build.0 = Release|Any CPU
		{C864412B-5404-4E60-AFCA-380D433A6FA4}.Debug|Any CPU.ActiveCfg = Debug|Any CPU
		{C864412B-5404-4E60-AFCA-380D433A6FA4}.Debug|Any CPU.Build.0 = Debug|Any CPU
		{C864412B-5404-4E60-AFCA-380D433A6FA4}.Release|Any CPU.ActiveCfg = Release|Any CPU
		{C864412B-5404-4E60-AFCA-380D433A6FA4}.Release|Any CPU.Build.0 = Release|Any CPU
		{CF62FC6F-B1C8-4F2A-8CB8-92D21AF53CFF}.Debug|Any CPU.ActiveCfg = Debug|Any CPU
		{CF62FC6F-B1C8-4F2A-8CB8-92D21AF53CFF}.Debug|Any CPU.Build.0 = Debug|Any CPU
		{CF62FC6F-B1C8-4F2A-8CB8-92D21AF53CFF}.Release|Any CPU.ActiveCfg = Release|Any CPU
		{CF62FC6F-B1C8-4F2A-8CB8-92D21AF53CFF}.Release|Any CPU.Build.0 = Release|Any CPU
	EndGlobalSection
	GlobalSection(SolutionProperties) = preSolution
		HideSolutionNode = FALSE
	EndGlobalSection
	GlobalSection(ExtensibilityGlobals) = postSolution
		SolutionGuid = {29A6292C-388D-4EAD-AF4C-52E2D7C3C0EF}
	EndGlobalSection
EndGlobal
